
Microsoft Visual Studio Solution File, Format Version 12.00
# Visual Studio Version 16
VisualStudioVersion = 16.0.32002.261
MinimumVisualStudioVersion = 10.0.40219.1
Project("{FAE04EC0-301F-11D3-BF4B-00C04F79EFBC}") = "HelloWorld.Android", "HelloWorld.Android\HelloWorld.Android.csproj", "{50EE8119-03D8-4198-BE82-0FC381018099}"
EndProject
Project("{FAE04EC0-301F-11D3-BF4B-00C04F79EFBC}") = "HelloWorld", "HelloWorld\HelloWorld.csproj", "{A3565BBD-E8D0-4112-B107-A0732E63D491}"
EndProject
Global
	GlobalSection(SolutionConfigurationPlatforms) = preSolution
		Debug|Any CPU = Debug|Any CPU
		Release|Any CPU = Release|Any CPU
	EndGlobalSection
	GlobalSection(ProjectConfigurationPlatforms) = postSolution
		{50EE8119-03D8-4198-BE82-0FC381018099}.Debug|Any CPU.ActiveCfg = Debug|Any CPU
		{50EE8119-03D8-4198-BE82-0FC381018099}.Debug|Any CPU.Build.0 = Debug|Any CPU
		{50EE8119-03D8-4198-BE82-0FC381018099}.Debug|Any CPU.Deploy.0 = Debug|Any CPU
		{50EE8119-03D8-4198-BE82-0FC381018099}.Release|Any CPU.ActiveCfg = Release|Any CPU
		{50EE8119-03D8-4198-BE82-0FC381018099}.Release|Any CPU.Build.0 = Release|Any CPU
		{50EE8119-03D8-4198-BE82-0FC381018099}.Release|Any CPU.Deploy.0 = Release|Any CPU
		{A3565BBD-E8D0-4112-B107-A0732E63D491}.Debug|Any CPU.ActiveCfg = Debug|Any CPU
		{A3565BBD-E8D0-4112-B107-A0732E63D491}.Debug|Any CPU.Build.0 = Debug|Any CPU
		{A3565BBD-E8D0-4112-B107-A0732E63D491}.Debug|Any CPU.Deploy.0 = Debug|Any CPU
		{A3565BBD-E8D0-4112-B107-A0732E63D491}.Release|Any CPU.ActiveCfg = Release|Any CPU
		{A3565BBD-E8D0-4112-B107-A0732E63D491}.Release|Any CPU.Build.0 = Release|Any CPU
		{A3565BBD-E8D0-4112-B107-A0732E63D491}.Release|Any CPU.Deploy.0 = Release|Any CPU
	EndGlobalSection
	GlobalSection(SolutionProperties) = preSolution
		HideSolutionNode = FALSE
	EndGlobalSection
	GlobalSection(ExtensibilityGlobals) = postSolution
		SolutionGuid = {ADD6C960-BEB2-4DE8-9B59-B7C597885167}
	EndGlobalSection
EndGlobal
